// !$*UTF8*$!
{
	archiveVersion = 1;
	classes = {
	};
	objectVersion = 56;
	objects = {

/* Begin PBXBuildFile section */
		C32D6FD92C0AC8C70009E4A0 /* WeatherAppApp.swift in Sources */ = {isa = PBXBuildFile; fileRef = C32D6FD82C0AC8C70009E4A0 /* WeatherAppApp.swift */; };
		C32D6FDB2C0AC8C70009E4A0 /* ContentView.swift in Sources */ = {isa = PBXBuildFile; fileRef = C32D6FDA2C0AC8C70009E4A0 /* ContentView.swift */; };
		C32D6FDD2C0AC8CA0009E4A0 /* Assets.xcassets in Resources */ = {isa = PBXBuildFile; fileRef = C32D6FDC2C0AC8CA0009E4A0 /* Assets.xcassets */; };
		C32D6FE02C0AC8CA0009E4A0 /* Preview Assets.xcassets in Resources */ = {isa = PBXBuildFile; fileRef = C32D6FDF2C0AC8CA0009E4A0 /* Preview Assets.xcassets */; };
		C32D6FE22C0AC8CA0009E4A0 /* Persistence.swift in Sources */ = {isa = PBXBuildFile; fileRef = C32D6FE12C0AC8CA0009E4A0 /* Persistence.swift */; };
		C32D6FE52C0AC8CA0009E4A0 /* WeatherApp.xcdatamodeld in Sources */ = {isa = PBXBuildFile; fileRef = C32D6FE32C0AC8CA0009E4A0 /* WeatherApp.xcdatamodeld */; };
		C32D6FEF2C0AC8CA0009E4A0 /* WeatherAppTests.swift in Sources */ = {isa = PBXBuildFile; fileRef = C32D6FEE2C0AC8CA0009E4A0 /* WeatherAppTests.swift */; };
		C32D6FF92C0AC8CA0009E4A0 /* WeatherAppUITests.swift in Sources */ = {isa = PBXBuildFile; fileRef = C32D6FF82C0AC8CA0009E4A0 /* WeatherAppUITests.swift */; };
		C32D6FFB2C0AC8CA0009E4A0 /* WeatherAppUITestsLaunchTests.swift in Sources */ = {isa = PBXBuildFile; fileRef = C32D6FFA2C0AC8CA0009E4A0 /* WeatherAppUITestsLaunchTests.swift */; };
		C32D70092C0B32090009E4A0 /* LocationManager.swift in Sources */ = {isa = PBXBuildFile; fileRef = C32D70082C0B32090009E4A0 /* LocationManager.swift */; };
		C32D700C2C0B368D0009E4A0 /* WelcomeView.swift in Sources */ = {isa = PBXBuildFile; fileRef = C32D700B2C0B368D0009E4A0 /* WelcomeView.swift */; };
		C32D700E2C0B41340009E4A0 /* LoadingView.swift in Sources */ = {isa = PBXBuildFile; fileRef = C32D700D2C0B41340009E4A0 /* LoadingView.swift */; };
		C32D70102C0B42FA0009E4A0 /* WeatherManager.swift in Sources */ = {isa = PBXBuildFile; fileRef = C32D700F2C0B42F90009E4A0 /* WeatherManager.swift */; };
		C32D70122C0B501A0009E4A0 /* WeatherView.swift in Sources */ = {isa = PBXBuildFile; fileRef = C32D70112C0B501A0009E4A0 /* WeatherView.swift */; };
		C32D70142C0B507D0009E4A0 /* ModelData.swift in Sources */ = {isa = PBXBuildFile; fileRef = C32D70132C0B507D0009E4A0 /* ModelData.swift */; };
		C32D70162C0B50D40009E4A0 /* weatherData.json in Resources */ = {isa = PBXBuildFile; fileRef = C32D70152C0B50D40009E4A0 /* weatherData.json */; };
		C32D70182C0B51B20009E4A0 /* Extensions.swift in Sources */ = {isa = PBXBuildFile; fileRef = C32D70172C0B51B20009E4A0 /* Extensions.swift */; };
		C32D701B2C0B6E950009E4A0 /* WeatherRow.swift in Sources */ = {isa = PBXBuildFile; fileRef = C32D701A2C0B6E950009E4A0 /* WeatherRow.swift */; };
/* End PBXBuildFile section */

/* Begin PBXContainerItemProxy section */
		C32D6FEB2C0AC8CA0009E4A0 /* PBXContainerItemProxy */ = {
			isa = PBXContainerItemProxy;
			containerPortal = C32D6FCD2C0AC8C70009E4A0 /* Project object */;
			proxyType = 1;
			remoteGlobalIDString = C32D6FD42C0AC8C70009E4A0;
			remoteInfo = WeatherApp;
		};
		C32D6FF52C0AC8CA0009E4A0 /* PBXContainerItemProxy */ = {
			isa = PBXContainerItemProxy;
			containerPortal = C32D6FCD2C0AC8C70009E4A0 /* Project object */;
			proxyType = 1;
			remoteGlobalIDString = C32D6FD42C0AC8C70009E4A0;
			remoteInfo = WeatherApp;
		};
/* End PBXContainerItemProxy section */

/* Begin PBXFileReference section */
		C32D6FD52C0AC8C70009E4A0 /* WeatherApp.app */ = {isa = PBXFileReference; explicitFileType = wrapper.application; includeInIndex = 0; path = WeatherApp.app; sourceTree = BUILT_PRODUCTS_DIR; };
		C32D6FD82C0AC8C70009E4A0 /* WeatherAppApp.swift */ = {isa = PBXFileReference; lastKnownFileType = sourcecode.swift; path = WeatherAppApp.swift; sourceTree = "<group>"; };
		C32D6FDA2C0AC8C70009E4A0 /* ContentView.swift */ = {isa = PBXFileReference; lastKnownFileType = sourcecode.swift; path = ContentView.swift; sourceTree = "<group>"; };
		C32D6FDC2C0AC8CA0009E4A0 /* Assets.xcassets */ = {isa = PBXFileReference; lastKnownFileType = folder.assetcatalog; path = Assets.xcassets; sourceTree = "<group>"; };
		C32D6FDF2C0AC8CA0009E4A0 /* Preview Assets.xcassets */ = {isa = PBXFileReference; lastKnownFileType = folder.assetcatalog; path = "Preview Assets.xcassets"; sourceTree = "<group>"; };
		C32D6FE12C0AC8CA0009E4A0 /* Persistence.swift */ = {isa = PBXFileReference; lastKnownFileType = sourcecode.swift; path = Persistence.swift; sourceTree = "<group>"; };
		C32D6FE42C0AC8CA0009E4A0 /* WeatherApp.xcdatamodel */ = {isa = PBXFileReference; lastKnownFileType = wrapper.xcdatamodel; path = WeatherApp.xcdatamodel; sourceTree = "<group>"; };
		C32D6FEA2C0AC8CA0009E4A0 /* WeatherAppTests.xctest */ = {isa = PBXFileReference; explicitFileType = wrapper.cfbundle; includeInIndex = 0; path = WeatherAppTests.xctest; sourceTree = BUILT_PRODUCTS_DIR; };
		C32D6FEE2C0AC8CA0009E4A0 /* WeatherAppTests.swift */ = {isa = PBXFileReference; lastKnownFileType = sourcecode.swift; path = WeatherAppTests.swift; sourceTree = "<group>"; };
		C32D6FF42C0AC8CA0009E4A0 /* WeatherAppUITests.xctest */ = {isa = PBXFileReference; explicitFileType = wrapper.cfbundle; includeInIndex = 0; path = WeatherAppUITests.xctest; sourceTree = BUILT_PRODUCTS_DIR; };
		C32D6FF82C0AC8CA0009E4A0 /* WeatherAppUITests.swift */ = {isa = PBXFileReference; lastKnownFileType = sourcecode.swift; path = WeatherAppUITests.swift; sourceTree = "<group>"; };
		C32D6FFA2C0AC8CA0009E4A0 /* WeatherAppUITestsLaunchTests.swift */ = {isa = PBXFileReference; lastKnownFileType = sourcecode.swift; path = WeatherAppUITestsLaunchTests.swift; sourceTree = "<group>"; };
		C32D70082C0B32090009E4A0 /* LocationManager.swift */ = {isa = PBXFileReference; lastKnownFileType = sourcecode.swift; path = LocationManager.swift; sourceTree = "<group>"; };
		C32D700B2C0B368D0009E4A0 /* WelcomeView.swift */ = {isa = PBXFileReference; lastKnownFileType = sourcecode.swift; path = WelcomeView.swift; sourceTree = "<group>"; };
		C32D700D2C0B41340009E4A0 /* LoadingView.swift */ = {isa = PBXFileReference; lastKnownFileType = sourcecode.swift; path = LoadingView.swift; sourceTree = "<group>"; };
		C32D700F2C0B42F90009E4A0 /* WeatherManager.swift */ = {isa = PBXFileReference; lastKnownFileType = sourcecode.swift; path = WeatherManager.swift; sourceTree = "<group>"; };
		C32D70112C0B501A0009E4A0 /* WeatherView.swift */ = {isa = PBXFileReference; lastKnownFileType = sourcecode.swift; path = WeatherView.swift; sourceTree = "<group>"; };
		C32D70132C0B507D0009E4A0 /* ModelData.swift */ = {isa = PBXFileReference; lastKnownFileType = sourcecode.swift; path = ModelData.swift; sourceTree = "<group>"; };
		C32D70152C0B50D40009E4A0 /* weatherData.json */ = {isa = PBXFileReference; lastKnownFileType = text.json; path = weatherData.json; sourceTree = "<group>"; };
		C32D70172C0B51B20009E4A0 /* Extensions.swift */ = {isa = PBXFileReference; lastKnownFileType = sourcecode.swift; path = Extensions.swift; sourceTree = "<group>"; };
		C32D701A2C0B6E950009E4A0 /* WeatherRow.swift */ = {isa = PBXFileReference; lastKnownFileType = sourcecode.swift; path = WeatherRow.swift; sourceTree = "<group>"; };
/* End PBXFileReference section */

/* Begin PBXFrameworksBuildPhase section */
		C32D6FD22C0AC8C70009E4A0 /* Frameworks */ = {
			isa = PBXFrameworksBuildPhase;
			buildActionMask = 2147483647;
			files = (
			);
			runOnlyForDeploymentPostprocessing = 0;
		};
		C32D6FE72C0AC8CA0009E4A0 /* Frameworks */ = {
			isa = PBXFrameworksBuildPhase;
			buildActionMask = 2147483647;
			files = (
			);
			runOnlyForDeploymentPostprocessing = 0;
		};
		C32D6FF12C0AC8CA0009E4A0 /* Frameworks */ = {
			isa = PBXFrameworksBuildPhase;
			buildActionMask = 2147483647;
			files = (
			);
			runOnlyForDeploymentPostprocessing = 0;
		};
/* End PBXFrameworksBuildPhase section */

/* Begin PBXGroup section */
		C32D6FCC2C0AC8C70009E4A0 = {
			isa = PBXGroup;
			children = (
				C32D6FD72C0AC8C70009E4A0 /* WeatherApp */,
				C32D6FED2C0AC8CA0009E4A0 /* WeatherAppTests */,
				C32D6FF72C0AC8CA0009E4A0 /* WeatherAppUITests */,
				C32D6FD62C0AC8C70009E4A0 /* Products */,
			);
			sourceTree = "<group>";
		};
		C32D6FD62C0AC8C70009E4A0 /* Products */ = {
			isa = PBXGroup;
			children = (
				C32D6FD52C0AC8C70009E4A0 /* WeatherApp.app */,
				C32D6FEA2C0AC8CA0009E4A0 /* WeatherAppTests.xctest */,
				C32D6FF42C0AC8CA0009E4A0 /* WeatherAppUITests.xctest */,
			);
			name = Products;
			sourceTree = "<group>";
		};
		C32D6FD72C0AC8C70009E4A0 /* WeatherApp */ = {
			isa = PBXGroup;
			children = (
				C32D70192C0B6E700009E4A0 /* Components */,
				C32D700A2C0B34770009E4A0 /* Views */,
				C32D70072C0B31E00009E4A0 /* Managers */,
				C32D6FD82C0AC8C70009E4A0 /* WeatherAppApp.swift */,
				C32D6FDC2C0AC8CA0009E4A0 /* Assets.xcassets */,
				C32D6FE12C0AC8CA0009E4A0 /* Persistence.swift */,
				C32D6FE32C0AC8CA0009E4A0 /* WeatherApp.xcdatamodeld */,
				C32D6FDE2C0AC8CA0009E4A0 /* Preview Content */,
				C32D70172C0B51B20009E4A0 /* Extensions.swift */,
			);
			path = WeatherApp;
			sourceTree = "<group>";
		};
		C32D6FDE2C0AC8CA0009E4A0 /* Preview Content */ = {
			isa = PBXGroup;
			children = (
				C32D6FDF2C0AC8CA0009E4A0 /* Preview Assets.xcassets */,
				C32D70132C0B507D0009E4A0 /* ModelData.swift */,
				C32D70152C0B50D40009E4A0 /* weatherData.json */,
			);
			path = "Preview Content";
			sourceTree = "<group>";
		};
		C32D6FED2C0AC8CA0009E4A0 /* WeatherAppTests */ = {
			isa = PBXGroup;
			children = (
				C32D6FEE2C0AC8CA0009E4A0 /* WeatherAppTests.swift */,
			);
			path = WeatherAppTests;
			sourceTree = "<group>";
		};
		C32D6FF72C0AC8CA0009E4A0 /* WeatherAppUITests */ = {
			isa = PBXGroup;
			children = (
				C32D6FF82C0AC8CA0009E4A0 /* WeatherAppUITests.swift */,
				C32D6FFA2C0AC8CA0009E4A0 /* WeatherAppUITestsLaunchTests.swift */,
			);
			path = WeatherAppUITests;
			sourceTree = "<group>";
		};
		C32D70072C0B31E00009E4A0 /* Managers */ = {
			isa = PBXGroup;
			children = (
				C32D70082C0B32090009E4A0 /* LocationManager.swift */,
				C32D700F2C0B42F90009E4A0 /* WeatherManager.swift */,
			);
			path = Managers;
			sourceTree = "<group>";
		};
		C32D700A2C0B34770009E4A0 /* Views */ = {
			isa = PBXGroup;
			children = (
				C32D6FDA2C0AC8C70009E4A0 /* ContentView.swift */,
				C32D700B2C0B368D0009E4A0 /* WelcomeView.swift */,
				C32D700D2C0B41340009E4A0 /* LoadingView.swift */,
				C32D70112C0B501A0009E4A0 /* WeatherView.swift */,
			);
			path = Views;
			sourceTree = "<group>";
		};
		C32D70192C0B6E700009E4A0 /* Components */ = {
			isa = PBXGroup;
			children = (
				C32D701A2C0B6E950009E4A0 /* WeatherRow.swift */,
			);
			path = Components;
			sourceTree = "<group>";
		};
/* End PBXGroup section */

/* Begin PBXNativeTarget section */
		C32D6FD42C0AC8C70009E4A0 /* WeatherApp */ = {
			isa = PBXNativeTarget;
			buildConfigurationList = C32D6FFE2C0AC8CA0009E4A0 /* Build configuration list for PBXNativeTarget "WeatherApp" */;
			buildPhases = (
				C32D6FD12C0AC8C70009E4A0 /* Sources */,
				C32D6FD22C0AC8C70009E4A0 /* Frameworks */,
				C32D6FD32C0AC8C70009E4A0 /* Resources */,
			);
			buildRules = (
			);
			dependencies = (
			);
			name = WeatherApp;
			productName = WeatherApp;
			productReference = C32D6FD52C0AC8C70009E4A0 /* WeatherApp.app */;
			productType = "com.apple.product-type.application";
		};
		C32D6FE92C0AC8CA0009E4A0 /* WeatherAppTests */ = {
			isa = PBXNativeTarget;
			buildConfigurationList = C32D70012C0AC8CA0009E4A0 /* Build configuration list for PBXNativeTarget "WeatherAppTests" */;
			buildPhases = (
				C32D6FE62C0AC8CA0009E4A0 /* Sources */,
				C32D6FE72C0AC8CA0009E4A0 /* Frameworks */,
				C32D6FE82C0AC8CA0009E4A0 /* Resources */,
			);
			buildRules = (
			);
			dependencies = (
				C32D6FEC2C0AC8CA0009E4A0 /* PBXTargetDependency */,
			);
			name = WeatherAppTests;
			productName = WeatherAppTests;
			productReference = C32D6FEA2C0AC8CA0009E4A0 /* WeatherAppTests.xctest */;
			productType = "com.apple.product-type.bundle.unit-test";
		};
		C32D6FF32C0AC8CA0009E4A0 /* WeatherAppUITests */ = {
			isa = PBXNativeTarget;
			buildConfigurationList = C32D70042C0AC8CA0009E4A0 /* Build configuration list for PBXNativeTarget "WeatherAppUITests" */;
			buildPhases = (
				C32D6FF02C0AC8CA0009E4A0 /* Sources */,
				C32D6FF12C0AC8CA0009E4A0 /* Frameworks */,
				C32D6FF22C0AC8CA0009E4A0 /* Resources */,
			);
			buildRules = (
			);
			dependencies = (
				C32D6FF62C0AC8CA0009E4A0 /* PBXTargetDependency */,
			);
			name = WeatherAppUITests;
			productName = WeatherAppUITests;
			productReference = C32D6FF42C0AC8CA0009E4A0 /* WeatherAppUITests.xctest */;
			productType = "com.apple.product-type.bundle.ui-testing";
		};
/* End PBXNativeTarget section */

/* Begin PBXProject section */
		C32D6FCD2C0AC8C70009E4A0 /* Project object */ = {
			isa = PBXProject;
			attributes = {
				BuildIndependentTargetsInParallel = 1;
				LastSwiftUpdateCheck = 1530;
				LastUpgradeCheck = 1530;
				TargetAttributes = {
					C32D6FD42C0AC8C70009E4A0 = {
						CreatedOnToolsVersion = 15.3;
					};
					C32D6FE92C0AC8CA0009E4A0 = {
						CreatedOnToolsVersion = 15.3;
						TestTargetID = C32D6FD42C0AC8C70009E4A0;
					};
					C32D6FF32C0AC8CA0009E4A0 = {
						CreatedOnToolsVersion = 15.3;
						TestTargetID = C32D6FD42C0AC8C70009E4A0;
					};
				};
			};
			buildConfigurationList = C32D6FD02C0AC8C70009E4A0 /* Build configuration list for PBXProject "WeatherApp" */;
			compatibilityVersion = "Xcode 14.0";
			developmentRegion = en;
			hasScannedForEncodings = 0;
			knownRegions = (
				en,
				Base,
			);
			mainGroup = C32D6FCC2C0AC8C70009E4A0;
			productRefGroup = C32D6FD62C0AC8C70009E4A0 /* Products */;
			projectDirPath = "";
			projectRoot = "";
			targets = (
				C32D6FD42C0AC8C70009E4A0 /* WeatherApp */,
				C32D6FE92C0AC8CA0009E4A0 /* WeatherAppTests */,
				C32D6FF32C0AC8CA0009E4A0 /* WeatherAppUITests */,
			);
		};
/* End PBXProject section */

/* Begin PBXResourcesBuildPhase section */
		C32D6FD32C0AC8C70009E4A0 /* Resources */ = {
			isa = PBXResourcesBuildPhase;
			buildActionMask = 2147483647;
			files = (
				C32D6FE02C0AC8CA0009E4A0 /* Preview Assets.xcassets in Resources */,
				C32D70162C0B50D40009E4A0 /* weatherData.json in Resources */,
				C32D6FDD2C0AC8CA0009E4A0 /* Assets.xcassets in Resources */,
			);
			runOnlyForDeploymentPostprocessing = 0;
		};
		C32D6FE82C0AC8CA0009E4A0 /* Resources */ = {
			isa = PBXResourcesBuildPhase;
			buildActionMask = 2147483647;
			files = (
			);
			runOnlyForDeploymentPostprocessing = 0;
		};
		C32D6FF22C0AC8CA0009E4A0 /* Resources */ = {
			isa = PBXResourcesBuildPhase;
			buildActionMask = 2147483647;
			files = (
			);
			runOnlyForDeploymentPostprocessing = 0;
		};
/* End PBXResourcesBuildPhase section */

/* Begin PBXSourcesBuildPhase section */
		C32D6FD12C0AC8C70009E4A0 /* Sources */ = {
			isa = PBXSourcesBuildPhase;
			buildActionMask = 2147483647;
			files = (
				C32D6FE52C0AC8CA0009E4A0 /* WeatherApp.xcdatamodeld in Sources */,
				C32D700C2C0B368D0009E4A0 /* WelcomeView.swift in Sources */,
				C32D70102C0B42FA0009E4A0 /* WeatherManager.swift in Sources */,
				C32D701B2C0B6E950009E4A0 /* WeatherRow.swift in Sources */,
				C32D6FE22C0AC8CA0009E4A0 /* Persistence.swift in Sources */,
				C32D70092C0B32090009E4A0 /* LocationManager.swift in Sources */,
				C32D6FDB2C0AC8C70009E4A0 /* ContentView.swift in Sources */,
				C32D70122C0B501A0009E4A0 /* WeatherView.swift in Sources */,
				C32D70142C0B507D0009E4A0 /* ModelData.swift in Sources */,
				C32D700E2C0B41340009E4A0 /* LoadingView.swift in Sources */,
				C32D70182C0B51B20009E4A0 /* Extensions.swift in Sources */,
				C32D6FD92C0AC8C70009E4A0 /* WeatherAppApp.swift in Sources */,
			);
			runOnlyForDeploymentPostprocessing = 0;
		};
		C32D6FE62C0AC8CA0009E4A0 /* Sources */ = {
			isa = PBXSourcesBuildPhase;
			buildActionMask = 2147483647;
			files = (
				C32D6FEF2C0AC8CA0009E4A0 /* WeatherAppTests.swift in Sources */,
			);
			runOnlyForDeploymentPostprocessing = 0;
		};
		C32D6FF02C0AC8CA0009E4A0 /* Sources */ = {
			isa = PBXSourcesBuildPhase;
			buildActionMask = 2147483647;
			files = (
				C32D6FF92C0AC8CA0009E4A0 /* WeatherAppUITests.swift in Sources */,
				C32D6FFB2C0AC8CA0009E4A0 /* WeatherAppUITestsLaunchTests.swift in Sources */,
			);
			runOnlyForDeploymentPostprocessing = 0;
		};
/* End PBXSourcesBuildPhase section */

/* Begin PBXTargetDependency section */
		C32D6FEC2C0AC8CA0009E4A0 /* PBXTargetDependency */ = {
			isa = PBXTargetDependency;
			target = C32D6FD42C0AC8C70009E4A0 /* WeatherApp */;
			targetProxy = C32D6FEB2C0AC8CA0009E4A0 /* PBXContainerItemProxy */;
		};
		C32D6FF62C0AC8CA0009E4A0 /* PBXTargetDependency */ = {
			isa = PBXTargetDependency;
			target = C32D6FD42C0AC8C70009E4A0 /* WeatherApp */;
			targetProxy = C32D6FF52C0AC8CA0009E4A0 /* PBXContainerItemProxy */;
		};
/* End PBXTargetDependency section */

/* Begin XCBuildConfiguration section */
		C32D6FFC2C0AC8CA0009E4A0 /* Debug */ = {
			isa = XCBuildConfiguration;
			buildSettings = {
				ALWAYS_SEARCH_USER_PATHS = NO;
				ASSETCATALOG_COMPILER_GENERATE_SWIFT_ASSET_SYMBOL_EXTENSIONS = YES;
				CLANG_ANALYZER_NONNULL = YES;
				CLANG_ANALYZER_NUMBER_OBJECT_CONVERSION = YES_AGGRESSIVE;
				CLANG_CXX_LANGUAGE_STANDARD = "gnu++20";
				CLANG_ENABLE_MODULES = YES;
				CLANG_ENABLE_OBJC_ARC = YES;
				CLANG_ENABLE_OBJC_WEAK = YES;
				CLANG_WARN_BLOCK_CAPTURE_AUTORELEASING = YES;
				CLANG_WARN_BOOL_CONVERSION = YES;
				CLANG_WARN_COMMA = YES;
				CLANG_WARN_CONSTANT_CONVERSION = YES;
				CLANG_WARN_DEPRECATED_OBJC_IMPLEMENTATIONS = YES;
				CLANG_WARN_DIRECT_OBJC_ISA_USAGE = YES_ERROR;
				CLANG_WARN_DOCUMENTATION_COMMENTS = YES;
				CLANG_WARN_EMPTY_BODY = YES;
				CLANG_WARN_ENUM_CONVERSION = YES;
				CLANG_WARN_INFINITE_RECURSION = YES;
				CLANG_WARN_INT_CONVERSION = YES;
				CLANG_WARN_NON_LITERAL_NULL_CONVERSION = YES;
				CLANG_WARN_OBJC_IMPLICIT_RETAIN_SELF = YES;
				CLANG_WARN_OBJC_LITERAL_CONVERSION = YES;
				CLANG_WARN_OBJC_ROOT_CLASS = YES_ERROR;
				CLANG_WARN_QUOTED_INCLUDE_IN_FRAMEWORK_HEADER = YES;
				CLANG_WARN_RANGE_LOOP_ANALYSIS = YES;
				CLANG_WARN_STRICT_PROTOTYPES = YES;
				CLANG_WARN_SUSPICIOUS_MOVE = YES;
				CLANG_WARN_UNGUARDED_AVAILABILITY = YES_AGGRESSIVE;
				CLANG_WARN_UNREACHABLE_CODE = YES;
				CLANG_WARN__DUPLICATE_METHOD_MATCH = YES;
				COPY_PHASE_STRIP = NO;
				DEBUG_INFORMATION_FORMAT = dwarf;
				ENABLE_STRICT_OBJC_MSGSEND = YES;
				ENABLE_TESTABILITY = YES;
				ENABLE_USER_SCRIPT_SANDBOXING = YES;
				GCC_C_LANGUAGE_STANDARD = gnu17;
				GCC_DYNAMIC_NO_PIC = NO;
				GCC_NO_COMMON_BLOCKS = YES;
				GCC_OPTIMIZATION_LEVEL = 0;
				GCC_PREPROCESSOR_DEFINITIONS = (
					"DEBUG=1",
					"$(inherited)",
				);
				GCC_WARN_64_TO_32_BIT_CONVERSION = YES;
				GCC_WARN_ABOUT_RETURN_TYPE = YES_ERROR;
				GCC_WARN_UNDECLARED_SELECTOR = YES;
				GCC_WARN_UNINITIALIZED_AUTOS = YES_AGGRESSIVE;
				GCC_WARN_UNUSED_FUNCTION = YES;
				GCC_WARN_UNUSED_VARIABLE = YES;
				IPHONEOS_DEPLOYMENT_TARGET = 17.4;
				LOCALIZATION_PREFERS_STRING_CATALOGS = YES;
				MTL_ENABLE_DEBUG_INFO = INCLUDE_SOURCE;
				MTL_FAST_MATH = YES;
				ONLY_ACTIVE_ARCH = YES;
				SDKROOT = iphoneos;
				SWIFT_ACTIVE_COMPILATION_CONDITIONS = "DEBUG $(inherited)";
				SWIFT_OPTIMIZATION_LEVEL = "-Onone";
			};
			name = Debug;
		};
		C32D6FFD2C0AC8CA0009E4A0 /* Release */ = {
			isa = XCBuildConfiguration;
			buildSettings = {
				ALWAYS_SEARCH_USER_PATHS = NO;
				ASSETCATALOG_COMPILER_GENERATE_SWIFT_ASSET_SYMBOL_EXTENSIONS = YES;
				CLANG_ANALYZER_NONNULL = YES;
				CLANG_ANALYZER_NUMBER_OBJECT_CONVERSION = YES_AGGRESSIVE;
				CLANG_CXX_LANGUAGE_STANDARD = "gnu++20";
				CLANG_ENABLE_MODULES = YES;
				CLANG_ENABLE_OBJC_ARC = YES;
				CLANG_ENABLE_OBJC_WEAK = YES;
				CLANG_WARN_BLOCK_CAPTURE_AUTORELEASING = YES;
				CLANG_WARN_BOOL_CONVERSION = YES;
				CLANG_WARN_COMMA = YES;
				CLANG_WARN_CONSTANT_CONVERSION = YES;
				CLANG_WARN_DEPRECATED_OBJC_IMPLEMENTATIONS = YES;
				CLANG_WARN_DIRECT_OBJC_ISA_USAGE = YES_ERROR;
				CLANG_WARN_DOCUMENTATION_COMMENTS = YES;
				CLANG_WARN_EMPTY_BODY = YES;
				CLANG_WARN_ENUM_CONVERSION = YES;
				CLANG_WARN_INFINITE_RECURSION = YES;
				CLANG_WARN_INT_CONVERSION = YES;
				CLANG_WARN_NON_LITERAL_NULL_CONVERSION = YES;
				CLANG_WARN_OBJC_IMPLICIT_RETAIN_SELF = YES;
				CLANG_WARN_OBJC_LITERAL_CONVERSION = YES;
				CLANG_WARN_OBJC_ROOT_CLASS = YES_ERROR;
				CLANG_WARN_QUOTED_INCLUDE_IN_FRAMEWORK_HEADER = YES;
				CLANG_WARN_RANGE_LOOP_ANALYSIS = YES;
				CLANG_WARN_STRICT_PROTOTYPES = YES;
				CLANG_WARN_SUSPICIOUS_MOVE = YES;
				CLANG_WARN_UNGUARDED_AVAILABILITY = YES_AGGRESSIVE;
				CLANG_WARN_UNREACHABLE_CODE = YES;
				CLANG_WARN__DUPLICATE_METHOD_MATCH = YES;
				COPY_PHASE_STRIP = NO;
				DEBUG_INFORMATION_FORMAT = "dwarf-with-dsym";
				ENABLE_NS_ASSERTIONS = NO;
				ENABLE_STRICT_OBJC_MSGSEND = YES;
				ENABLE_USER_SCRIPT_SANDBOXING = YES;
				GCC_C_LANGUAGE_STANDARD = gnu17;
				GCC_NO_COMMON_BLOCKS = YES;
				GCC_WARN_64_TO_32_BIT_CONVERSION = YES;
				GCC_WARN_ABOUT_RETURN_TYPE = YES_ERROR;
				GCC_WARN_UNDECLARED_SELECTOR = YES;
				GCC_WARN_UNINITIALIZED_AUTOS = YES_AGGRESSIVE;
				GCC_WARN_UNUSED_FUNCTION = YES;
				GCC_WARN_UNUSED_VARIABLE = YES;
				IPHONEOS_DEPLOYMENT_TARGET = 17.4;
				LOCALIZATION_PREFERS_STRING_CATALOGS = YES;
				MTL_ENABLE_DEBUG_INFO = NO;
				MTL_FAST_MATH = YES;
				SDKROOT = iphoneos;
				SWIFT_COMPILATION_MODE = wholemodule;
				VALIDATE_PRODUCT = YES;
			};
			name = Release;
		};
		C32D6FFF2C0AC8CA0009E4A0 /* Debug */ = {
			isa = XCBuildConfiguration;
			buildSettings = {
				ASSETCATALOG_COMPILER_APPICON_NAME = AppIcon;
				ASSETCATALOG_COMPILER_GLOBAL_ACCENT_COLOR_NAME = AccentColor;
				CODE_SIGN_STYLE = Automatic;
				CURRENT_PROJECT_VERSION = 1;
				DEVELOPMENT_ASSET_PATHS = "\"WeatherApp/Preview Content\"";
				ENABLE_PREVIEWS = YES;
				GENERATE_INFOPLIST_FILE = YES;
				INFOPLIST_KEY_UIApplicationSceneManifest_Generation = YES;
				INFOPLIST_KEY_UIApplicationSupportsIndirectInputEvents = YES;
				INFOPLIST_KEY_UILaunchScreen_Generation = YES;
				INFOPLIST_KEY_UISupportedInterfaceOrientations_iPad = "UIInterfaceOrientationPortrait UIInterfaceOrientationPortraitUpsideDown UIInterfaceOrientationLandscapeLeft UIInterfaceOrientationLandscapeRight";
				INFOPLIST_KEY_UISupportedInterfaceOrientations_iPhone = "UIInterfaceOrientationPortrait UIInterfaceOrientationLandscapeLeft UIInterfaceOrientationLandscapeRight";
				IPHONEOS_DEPLOYMENT_TARGET = 15.0;
				LD_RUNPATH_SEARCH_PATHS = (
					"$(inherited)",
					"@executable_path/Frameworks",
				);
				MARKETING_VERSION = 1.0;
				PRODUCT_BUNDLE_IDENTIFIER = hvsc.WeatherApp;
				PRODUCT_NAME = "$(TARGET_NAME)";
				SUPPORTED_PLATFORMS = "iphoneos iphonesimulator";
				SUPPORTS_MACCATALYST = NO;
				SUPPORTS_XR_DESIGNED_FOR_IPHONE_IPAD = NO;
				SWIFT_EMIT_LOC_STRINGS = YES;
				SWIFT_VERSION = 5.0;
				TARGETED_DEVICE_FAMILY = "1,2";
			};
			name = Debug;
		};
		C32D70002C0AC8CA0009E4A0 /* Release */ = {
			isa = XCBuildConfiguration;
			buildSettings = {
				ASSETCATALOG_COMPILER_APPICON_NAME = AppIcon;
				ASSETCATALOG_COMPILER_GLOBAL_ACCENT_COLOR_NAME = AccentColor;
				CODE_SIGN_STYLE = Automatic;
				CURRENT_PROJECT_VERSION = 1;
				DEVELOPMENT_ASSET_PATHS = "\"WeatherApp/Preview Content\"";
				ENABLE_PREVIEWS = YES;
				GENERATE_INFOPLIST_FILE = YES;
				INFOPLIST_KEY_UIApplicationSceneManifest_Generation = YES;
				INFOPLIST_KEY_UIApplicationSupportsIndirectInputEvents = YES;
				INFOPLIST_KEY_UILaunchScreen_Generation = YES;
				INFOPLIST_KEY_UISupportedInterfaceOrientations_iPad = "UIInterfaceOrientationPortrait UIInterfaceOrientationPortraitUpsideDown UIInterfaceOrientationLandscapeLeft UIInterfaceOrientationLandscapeRight";
				INFOPLIST_KEY_UISupportedInterfaceOrientations_iPhone = "UIInterfaceOrientationPortrait UIInterfaceOrientationLandscapeLeft UIInterfaceOrientationLandscapeRight";
				IPHONEOS_DEPLOYMENT_TARGET = 15.0;
				LD_RUNPATH_SEARCH_PATHS = (
					"$(inherited)",
					"@executable_path/Frameworks",
				);
				MARKETING_VERSION = 1.0;
				PRODUCT_BUNDLE_IDENTIFIER = hvsc.WeatherApp;
				PRODUCT_NAME = "$(TARGET_NAME)";
				SUPPORTED_PLATFORMS = "iphoneos iphonesimulator";
				SUPPORTS_MACCATALYST = NO;
				SUPPORTS_XR_DESIGNED_FOR_IPHONE_IPAD = NO;
				SWIFT_EMIT_LOC_STRINGS = YES;
				SWIFT_VERSION = 5.0;
				TARGETED_DEVICE_FAMILY = "1,2";
			};
			name = Release;
		};
		C32D70022C0AC8CA0009E4A0 /* Debug */ = {
			isa = XCBuildConfiguration;
			buildSettings = {
				ALWAYS_EMBED_SWIFT_STANDARD_LIBRARIES = YES;
				BUNDLE_LOADER = "$(TEST_HOST)";
				CODE_SIGN_STYLE = Automatic;
				CURRENT_PROJECT_VERSION = 1;
				GENERATE_INFOPLIST_FILE = YES;
				IPHONEOS_DEPLOYMENT_TARGET = 17.4;
				MARKETING_VERSION = 1.0;
				PRODUCT_BUNDLE_IDENTIFIER = hvsc.WeatherAppTests;
				PRODUCT_NAME = "$(TARGET_NAME)";
				SWIFT_EMIT_LOC_STRINGS = NO;
				SWIFT_VERSION = 5.0;
				TARGETED_DEVICE_FAMILY = "1,2";
				TEST_HOST = "$(BUILT_PRODUCTS_DIR)/WeatherApp.app/$(BUNDLE_EXECUTABLE_FOLDER_PATH)/WeatherApp";
			};
			name = Debug;
		};
		C32D70032C0AC8CA0009E4A0 /* Release */ = {
			isa = XCBuildConfiguration;
			buildSettings = {
				ALWAYS_EMBED_SWIFT_STANDARD_LIBRARIES = YES;
				BUNDLE_LOADER = "$(TEST_HOST)";
				CODE_SIGN_STYLE = Automatic;
				CURRENT_PROJECT_VERSION = 1;
				GENERATE_INFOPLIST_FILE = YES;
				IPHONEOS_DEPLOYMENT_TARGET = 17.4;
				MARKETING_VERSION = 1.0;
				PRODUCT_BUNDLE_IDENTIFIER = hvsc.WeatherAppTests;
				PRODUCT_NAME = "$(TARGET_NAME)";
				SWIFT_EMIT_LOC_STRINGS = NO;
				SWIFT_VERSION = 5.0;
				TARGETED_DEVICE_FAMILY = "1,2";
				TEST_HOST = "$(BUILT_PRODUCTS_DIR)/WeatherApp.app/$(BUNDLE_EXECUTABLE_FOLDER_PATH)/WeatherApp";
			};
			name = Release;
		};
		C32D70052C0AC8CA0009E4A0 /* Debug */ = {
			isa = XCBuildConfiguration;
			buildSettings = {
				ALWAYS_EMBED_SWIFT_STANDARD_LIBRARIES = YES;
				CODE_SIGN_STYLE = Automatic;
				CURRENT_PROJECT_VERSION = 1;
				GENERATE_INFOPLIST_FILE = YES;
				MARKETING_VERSION = 1.0;
				PRODUCT_BUNDLE_IDENTIFIER = hvsc.WeatherAppUITests;
				PRODUCT_NAME = "$(TARGET_NAME)";
				SWIFT_EMIT_LOC_STRINGS = NO;
				SWIFT_VERSION = 5.0;
				TARGETED_DEVICE_FAMILY = "1,2";
				TEST_TARGET_NAME = WeatherApp;
			};
			name = Debug;
		};
		C32D70062C0AC8CA0009E4A0 /* Release */ = {
			isa = XCBuildConfiguration;
			buildSettings = {
				ALWAYS_EMBED_SWIFT_STANDARD_LIBRARIES = YES;
				CODE_SIGN_STYLE = Automatic;
				CURRENT_PROJECT_VERSION = 1;
				GENERATE_INFOPLIST_FILE = YES;
				MARKETING_VERSION = 1.0;
				PRODUCT_BUNDLE_IDENTIFIER = hvsc.WeatherAppUITests;
				PRODUCT_NAME = "$(TARGET_NAME)";
				SWIFT_EMIT_LOC_STRINGS = NO;
				SWIFT_VERSION = 5.0;
				TARGETED_DEVICE_FAMILY = "1,2";
				TEST_TARGET_NAME = WeatherApp;
			};
			name = Release;
		};
/* End XCBuildConfiguration section */

/* Begin XCConfigurationList section */
		C32D6FD02C0AC8C70009E4A0 /* Build configuration list for PBXProject "WeatherApp" */ = {
			isa = XCConfigurationList;
			buildConfigurations = (
				C32D6FFC2C0AC8CA0009E4A0 /* Debug */,
				C32D6FFD2C0AC8CA0009E4A0 /* Release */,
			);
			defaultConfigurationIsVisible = 0;
			defaultConfigurationName = Release;
		};
		C32D6FFE2C0AC8CA0009E4A0 /* Build configuration list for PBXNativeTarget "WeatherApp" */ = {
			isa = XCConfigurationList;
			buildConfigurations = (
				C32D6FFF2C0AC8CA0009E4A0 /* Debug */,
				C32D70002C0AC8CA0009E4A0 /* Release */,
			);
			defaultConfigurationIsVisible = 0;
			defaultConfigurationName = Release;
		};
		C32D70012C0AC8CA0009E4A0 /* Build configuration list for PBXNativeTarget "WeatherAppTests" */ = {
			isa = XCConfigurationList;
			buildConfigurations = (
				C32D70022C0AC8CA0009E4A0 /* Debug */,
				C32D70032C0AC8CA0009E4A0 /* Release */,
			);
			defaultConfigurationIsVisible = 0;
			defaultConfigurationName = Release;
		};
		C32D70042C0AC8CA0009E4A0 /* Build configuration list for PBXNativeTarget "WeatherAppUITests" */ = {
			isa = XCConfigurationList;
			buildConfigurations = (
				C32D70052C0AC8CA0009E4A0 /* Debug */,
				C32D70062C0AC8CA0009E4A0 /* Release */,
			);
			defaultConfigurationIsVisible = 0;
			defaultConfigurationName = Release;
		};
/* End XCConfigurationList section */

/* Begin XCVersionGroup section */
		C32D6FE32C0AC8CA0009E4A0 /* WeatherApp.xcdatamodeld */ = {
			isa = XCVersionGroup;
			children = (
				C32D6FE42C0AC8CA0009E4A0 /* WeatherApp.xcdatamodel */,
			);
			currentVersion = C32D6FE42C0AC8CA0009E4A0 /* WeatherApp.xcdatamodel */;
			path = WeatherApp.xcdatamodeld;
			sourceTree = "<group>";
			versionGroupType = wrapper.xcdatamodel;
		};
/* End XCVersionGroup section */
	};
	rootObject = C32D6FCD2C0AC8C70009E4A0 /* Project object */;
}
